// !$*UTF8*$!
{
	archiveVersion = 1;
	classes = {
	};
	objectVersion = 46;
	objects = {

/* Begin PBXBuildFile section */
		163B23AE1C045C6200B9D4F7 /* AppDelegate.swift in Sources */ = {isa = PBXBuildFile; fileRef = 163B23AD1C045C6200B9D4F7 /* AppDelegate.swift */; };
		163B23B01C045C6200B9D4F7 /* ViewController.swift in Sources */ = {isa = PBXBuildFile; fileRef = 163B23AF1C045C6200B9D4F7 /* ViewController.swift */; };
		163B23B31C045C6200B9D4F7 /* Main.storyboard in Resources */ = {isa = PBXBuildFile; fileRef = 163B23B11C045C6200B9D4F7 /* Main.storyboard */; };
		163B23B51C045C6200B9D4F7 /* Assets.xcassets in Resources */ = {isa = PBXBuildFile; fileRef = 163B23B41C045C6200B9D4F7 /* Assets.xcassets */; };
		163B23B81C045C6200B9D4F7 /* LaunchScreen.storyboard in Resources */ = {isa = PBXBuildFile; fileRef = 163B23B61C045C6200B9D4F7 /* LaunchScreen.storyboard */; };
		163B23C01C046B9900B9D4F7 /* ColorViewController.swift in Sources */ = {isa = PBXBuildFile; fileRef = 163B23BF1C046B9900B9D4F7 /* ColorViewController.swift */; };
/* End PBXBuildFile section */

/* Begin PBXFileReference section */
		163B23AA1C045C6200B9D4F7 /* Colorific.app */ = {isa = PBXFileReference; explicitFileType = wrapper.application; includeInIndex = 0; path = Colorific.app; sourceTree = BUILT_PRODUCTS_DIR; };
		163B23AD1C045C6200B9D4F7 /* AppDelegate.swift */ = {isa = PBXFileReference; lastKnownFileType = sourcecode.swift; path = AppDelegate.swift; sourceTree = "<group>"; };
		163B23AF1C045C6200B9D4F7 /* ViewController.swift */ = {isa = PBXFileReference; lastKnownFileType = sourcecode.swift; path = ViewController.swift; sourceTree = "<group>"; };
		163B23B21C045C6200B9D4F7 /* Base */ = {isa = PBXFileReference; lastKnownFileType = file.storyboard; name = Base; path = Base.lproj/Main.storyboard; sourceTree = "<group>"; };
		163B23B41C045C6200B9D4F7 /* Assets.xcassets */ = {isa = PBXFileReference; lastKnownFileType = folder.assetcatalog; path = Assets.xcassets; sourceTree = "<group>"; };
		163B23B71C045C6200B9D4F7 /* Base */ = {isa = PBXFileReference; lastKnownFileType = file.storyboard; name = Base; path = Base.lproj/LaunchScreen.storyboard; sourceTree = "<group>"; };
		163B23B91C045C6200B9D4F7 /* Info.plist */ = {isa = PBXFileReference; lastKnownFileType = text.plist.xml; path = Info.plist; sourceTree = "<group>"; };
		163B23BF1C046B9900B9D4F7 /* ColorViewController.swift */ = {isa = PBXFileReference; fileEncoding = 4; lastKnownFileType = sourcecode.swift; path = ColorViewController.swift; sourceTree = "<group>"; };
/* End PBXFileReference section */

/* Begin PBXFrameworksBuildPhase section */
		163B23A71C045C6200B9D4F7 /* Frameworks */ = {
			isa = PBXFrameworksBuildPhase;
			buildActionMask = 2147483647;
			files = (
			);
			runOnlyForDeploymentPostprocessing = 0;
		};
/* End PBXFrameworksBuildPhase section */

/* Begin PBXGroup section */
		163B23A11C045C6200B9D4F7 = {
			isa = PBXGroup;
			children = (
				163B23AC1C045C6200B9D4F7 /* Colorific */,
				163B23AB1C045C6200B9D4F7 /* Products */,
			);
			sourceTree = "<group>";
		};
		163B23AB1C045C6200B9D4F7 /* Products */ = {
			isa = PBXGroup;
			children = (
				163B23AA1C045C6200B9D4F7 /* Colorific.app */,
			);
			name = Products;
			sourceTree = "<group>";
		};
		163B23AC1C045C6200B9D4F7 /* Colorific */ = {
			isa = PBXGroup;
			children = (
				163B23AD1C045C6200B9D4F7 /* AppDelegate.swift */,
				163B23AF1C045C6200B9D4F7 /* ViewController.swift */,
				163B23BF1C046B9900B9D4F7 /* ColorViewController.swift */,
				163B23B11C045C6200B9D4F7 /* Main.storyboard */,
				163B23B41C045C6200B9D4F7 /* Assets.xcassets */,
				163B23B61C045C6200B9D4F7 /* LaunchScreen.storyboard */,
				163B23B91C045C6200B9D4F7 /* Info.plist */,
			);
			path = Colorific;
			sourceTree = "<group>";
		};
/* End PBXGroup section */

/* Begin PBXNativeTarget section */
		163B23A91C045C6200B9D4F7 /* Colorific */ = {
			isa = PBXNativeTarget;
			buildConfigurationList = 163B23BC1C045C6200B9D4F7 /* Build configuration list for PBXNativeTarget "Colorific" */;
			buildPhases = (
				163B23A61C045C6200B9D4F7 /* Sources */,
				163B23A71C045C6200B9D4F7 /* Frameworks */,
				163B23A81C045C6200B9D4F7 /* Resources */,
			);
			buildRules = (
			);
			dependencies = (
			);
			name = Colorific;
			productName = Colorific;
			productReference = 163B23AA1C045C6200B9D4F7 /* Colorific.app */;
			productType = "com.apple.product-type.application";
		};
/* End PBXNativeTarget section */

/* Begin PBXProject section */
		163B23A21C045C6200B9D4F7 /* Project object */ = {
			isa = PBXProject;
			attributes = {
				LastSwiftUpdateCheck = 0710;
				LastUpgradeCheck = 0710;
				ORGANIZATIONNAME = "Apps by Wade";
				TargetAttributes = {
					163B23A91C045C6200B9D4F7 = {
						CreatedOnToolsVersion = 7.1.1;
					};
				};
			};
			buildConfigurationList = 163B23A51C045C6200B9D4F7 /* Build configuration list for PBXProject "Colorific" */;
			compatibilityVersion = "Xcode 3.2";
			developmentRegion = English;
			hasScannedForEncodings = 0;
			knownRegions = (
				en,
				Base,
			);
			mainGroup = 163B23A11C045C6200B9D4F7;
			productRefGroup = 163B23AB1C045C6200B9D4F7 /* Products */;
			projectDirPath = "";
			projectRoot = "";
			targets = (
				163B23A91C045C6200B9D4F7 /* Colorific */,
			);
		};
/* End PBXProject section */

/* Begin PBXResourcesBuildPhase section */
		163B23A81C045C6200B9D4F7 /* Resources */ = {
			isa = PBXResourcesBuildPhase;
			buildActionMask = 2147483647;
			files = (
				163B23B81C045C6200B9D4F7 /* LaunchScreen.storyboard in Resources */,
				163B23B51C045C6200B9D4F7 /* Assets.xcassets in Resources */,
				163B23B31C045C6200B9D4F7 /* Main.storyboard in Resources */,
			);
			runOnlyForDeploymentPostprocessing = 0;
		};
/* End PBXResourcesBuildPhase section */

/* Begin PBXSourcesBuildPhase section */
		163B23A61C045C6200B9D4F7 /* Sources */ = {
			isa = PBXSourcesBuildPhase;
			buildActionMask = 2147483647;
			files = (
				163B23B01C045C6200B9D4F7 /* ViewController.swift in Sources */,
				163B23C01C046B9900B9D4F7 /* ColorViewController.swift in Sources */,
				163B23AE1C045C6200B9D4F7 /* AppDelegate.swift in Sources */,
			);
			runOnlyForDeploymentPostprocessing = 0;
		};
/* End PBXSourcesBuildPhase section */

/* Begin PBXVariantGroup section */
		163B23B11C045C6200B9D4F7 /* Main.storyboard */ = {
			isa = PBXVariantGroup;
			children = (
				163B23B21C045C6200B9D4F7 /* Base */,
			);
			name = Main.storyboard;
			sourceTree = "<group>";
		};
		163B23B61C045C6200B9D4F7 /* LaunchScreen.storyboard */ = {
			isa = PBXVariantGroup;
			children = (
				163B23B71C045C6200B9D4F7 /* Base */,
			);
			name = LaunchScreen.storyboard;
			sourceTree = "<group>";
		};
/* End PBXVariantGroup section */

/* Begin XCBuildConfiguration section */
		163B23BA1C045C6200B9D4F7 /* Debug */ = {
			isa = XCBuildConfiguration;
			buildSettings = {
				ALWAYS_SEARCH_USER_PATHS = NO;
				CLANG_CXX_LANGUAGE_STANDARD = "gnu++0x";
				CLANG_CXX_LIBRARY = "libc++";
				CLANG_ENABLE_MODULES = YES;
				CLANG_ENABLE_OBJC_ARC = YES;
				CLANG_WARN_BOOL_CONVERSION = YES;
				CLANG_WARN_CONSTANT_CONVERSION = YES;
				CLANG_WARN_DIRECT_OBJC_ISA_USAGE = YES_ERROR;
				CLANG_WARN_EMPTY_BODY = YES;
				CLANG_WARN_ENUM_CONVERSION = YES;
				CLANG_WARN_INT_CONVERSION = YES;
				CLANG_WARN_OBJC_ROOT_CLASS = YES_ERROR;
				CLANG_WARN_UNREACHABLE_CODE = YES;
				CLANG_WARN__DUPLICATE_METHOD_MATCH = YES;
				"CODE_SIGN_IDENTITY[sdk=iphoneos*]" = "iPhone Developer";
				COPY_PHASE_STRIP = NO;
				DEBUG_INFORMATION_FORMAT = dwarf;
				ENABLE_STRICT_OBJC_MSGSEND = YES;
				ENABLE_TESTABILITY = YES;
				GCC_C_LANGUAGE_STANDARD = gnu99;
				GCC_DYNAMIC_NO_PIC = NO;
				GCC_NO_COMMON_BLOCKS = YES;
				GCC_OPTIMIZATION_LEVEL = 0;
				GCC_PREPROCESSOR_DEFINITIONS = (
					"DEBUG=1",
					"$(inherited)",
				);
				GCC_WARN_64_TO_32_BIT_CONVERSION = YES;
				GCC_WARN_ABOUT_RETURN_TYPE = YES_ERROR;
				GCC_WARN_UNDECLARED_SELECTOR = YES;
				GCC_WARN_UNINITIALIZED_AUTOS = YES_AGGRESSIVE;
				GCC_WARN_UNUSED_FUNCTION = YES;
				GCC_WARN_UNUSED_VARIABLE = YES;
				IPHONEOS_DEPLOYMENT_TARGET = 9.1;
				MTL_ENABLE_DEBUG_INFO = YES;
				ONLY_ACTIVE_ARCH = YES;
				SDKROOT = iphoneos;
				SWIFT_OPTIMIZATION_LEVEL = "-Onone";
			};
			name = Debug;
		};
		163B23BB1C045C6200B9D4F7 /* Release */ = {
			isa = XCBuildConfiguration;
			buildSettings = {
				ALWAYS_SEARCH_USER_PATHS = NO;
				CLANG_CXX_LANGUAGE_STANDARD = "gnu++0x";
				CLANG_CXX_LIBRARY = "libc++";
				CLANG_ENABLE_MODULES = YES;
				CLANG_ENABLE_OBJC_ARC = YES;
				CLANG_WARN_BOOL_CONVERSION = YES;
				CLANG_WARN_CONSTANT_CONVERSION = YES;
				CLANG_WARN_DIRECT_OBJC_ISA_USAGE = YES_ERROR;
				CLANG_WARN_EMPTY_BODY = YES;
				CLANG_WARN_ENUM_CONVERSION = YES;
				CLANG_WARN_INT_CONVERSION = YES;
				CLANG_WARN_OBJC_ROOT_CLASS = YES_ERROR;
				CLANG_WARN_UNREACHABLE_CODE = YES;
				CLANG_WARN__DUPLICATE_METHOD_MATCH = YES;
				"CODE_SIGN_IDENTITY[sdk=iphoneos*]" = "iPhone Developer";
				COPY_PHASE_STRIP = NO;
				DEBUG_INFORMATION_FORMAT = "dwarf-with-dsym";
				ENABLE_NS_ASSERTIONS = NO;
				ENABLE_STRICT_OBJC_MSGSEND = YES;
				GCC_C_LANGUAGE_STANDARD = gnu99;
				GCC_NO_COMMON_BLOCKS = YES;
				GCC_WARN_64_TO_32_BIT_CONVERSION = YES;
				GCC_WARN_ABOUT_RETURN_TYPE = YES_ERROR;
				GCC_WARN_UNDECLARED_SELECTOR = YES;
				GCC_WARN_UNINITIALIZED_AUTOS = YES_AGGRESSIVE;
				GCC_WARN_UNUSED_FUNCTION = YES;
				GCC_WARN_UNUSED_VARIABLE = YES;
				IPHONEOS_DEPLOYMENT_TARGET = 9.1;
				MTL_ENABLE_DEBUG_INFO = NO;
				SDKROOT = iphoneos;
				VALIDATE_PRODUCT = YES;
			};
			name = Release;
		};
		163B23BD1C045C6200B9D4F7 /* Debug */ = {
			isa = XCBuildConfiguration;
			buildSettings = {
				ASSETCATALOG_COMPILER_APPICON_NAME = AppIcon;
				INFOPLIST_FILE = Colorific/Info.plist;
				LD_RUNPATH_SEARCH_PATHS = "$(inherited) @executable_path/Frameworks";
				PRODUCT_BUNDLE_IDENTIFIER = com.appsbywade.Colorific;
				PRODUCT_NAME = "$(TARGET_NAME)";
			};
			name = Debug;
		};
		163B23BE1C045C6200B9D4F7 /* Release */ = {
			isa = XCBuildConfiguration;
			buildSettings = {
				ASSETCATALOG_COMPILER_APPICON_NAME = AppIcon;
				INFOPLIST_FILE = Colorific/Info.plist;
				LD_RUNPATH_SEARCH_PATHS = "$(inherited) @executable_path/Frameworks";
				PRODUCT_BUNDLE_IDENTIFIER = com.appsbywade.Colorific;
				PRODUCT_NAME = "$(TARGET_NAME)";
			};
			name = Release;
		};
/* End XCBuildConfiguration section */

/* Begin XCConfigurationList section */
		163B23A51C045C6200B9D4F7 /* Build configuration list for PBXProject "Colorific" */ = {
			isa = XCConfigurationList;
			buildConfigurations = (
				163B23BA1C045C6200B9D4F7 /* Debug */,
				163B23BB1C045C6200B9D4F7 /* Release */,
			);
			defaultConfigurationIsVisible = 0;
			defaultConfigurationName = Release;
		};
		163B23BC1C045C6200B9D4F7 /* Build configuration list for PBXNativeTarget "Colorific" */ = {
			isa = XCConfigurationList;
			buildConfigurations = (
				163B23BD1C045C6200B9D4F7 /* Debug */,
				163B23BE1C045C6200B9D4F7 /* Release */,
			);
			defaultConfigurationIsVisible = 0;
		};
/* End XCConfigurationList section */
	};
	rootObject = 163B23A21C045C6200B9D4F7 /* Project object */;
}
